{
  "requires": true,
  "lockfileVersion": 1,
  "dependencies": {
    "tsparticles": {
      "version": "1.38.0",
      "resolved": "https://registry.npmjs.org/tsparticles/-/tsparticles-1.38.0.tgz",
      "integrity": "sha512-Zqk18sq9SDtjlN83vKpUOijU9lkxpucGgywZpmR5JnSuXYvmy+6Rmy2Eoy4yXLeB58oseu9VKFOfElbrsSvAdw=="
    }
  }
}
